
Microsoft Visual Studio Solution File, Format Version 12.00
# Visual Studio Version 17
VisualStudioVersion = 17.0.32112.339
MinimumVisualStudioVersion = 10.0.40219.1
Project("{FAE04EC0-301F-11D3-BF4B-00C04F79EFBC}") = "AccesoData", "..\AccesoData\AccesoData\AccesoData.csproj", "{40569960-0418-4656-8834-0775891AE617}"
EndProject
Project("{FAE04EC0-301F-11D3-BF4B-00C04F79EFBC}") = "Common", "..\Common\Common\Common.csproj", "{77F4DA2C-6F0D-4FCB-B839-EC6CD1D4C68D}"
EndProject
Project("{FAE04EC0-301F-11D3-BF4B-00C04F79EFBC}") = "Modelos", "..\Modelos\Modelos\Modelos.csproj", "{2BD7241B-8B9E-49D6-9A7E-D9E3FDDA25B7}"
EndProject
Project("{FAE04EC0-301F-11D3-BF4B-00C04F79EFBC}") = "Negocio", "..\Negocio\Negocio\Negocio.csproj", "{3AFC74DE-30A7-4C42-BA62-5AF414ACCBDD}"
EndProject
Project("{FAE04EC0-301F-11D3-BF4B-00C04F79EFBC}") = "ProyectoMecanica.API", "..\ProyectoMecanica.API\ProyectoMecanica.API\ProyectoMecanica.API.csproj", "{25942C70-5817-45F9-8236-09F039E2D175}"
EndProject
Global
	GlobalSection(SolutionConfigurationPlatforms) = preSolution
		Debug|Any CPU = Debug|Any CPU
		Release|Any CPU = Release|Any CPU
	EndGlobalSection
	GlobalSection(ProjectConfigurationPlatforms) = postSolution
		{40569960-0418-4656-8834-0775891AE617}.Debug|Any CPU.ActiveCfg = Debug|Any CPU
		{40569960-0418-4656-8834-0775891AE617}.Debug|Any CPU.Build.0 = Debug|Any CPU
		{40569960-0418-4656-8834-0775891AE617}.Release|Any CPU.ActiveCfg = Release|Any CPU
		{40569960-0418-4656-8834-0775891AE617}.Release|Any CPU.Build.0 = Release|Any CPU
		{77F4DA2C-6F0D-4FCB-B839-EC6CD1D4C68D}.Debug|Any CPU.ActiveCfg = Debug|Any CPU
		{77F4DA2C-6F0D-4FCB-B839-EC6CD1D4C68D}.Debug|Any CPU.Build.0 = Debug|Any CPU
		{77F4DA2C-6F0D-4FCB-B839-EC6CD1D4C68D}.Release|Any CPU.ActiveCfg = Release|Any CPU
		{77F4DA2C-6F0D-4FCB-B839-EC6CD1D4C68D}.Release|Any CPU.Build.0 = Release|Any CPU
		{2BD7241B-8B9E-49D6-9A7E-D9E3FDDA25B7}.Debug|Any CPU.ActiveCfg = Debug|Any CPU
		{2BD7241B-8B9E-49D6-9A7E-D9E3FDDA25B7}.Debug|Any CPU.Build.0 = Debug|Any CPU
		{2BD7241B-8B9E-49D6-9A7E-D9E3FDDA25B7}.Release|Any CPU.ActiveCfg = Release|Any CPU
		{2BD7241B-8B9E-49D6-9A7E-D9E3FDDA25B7}.Release|Any CPU.Build.0 = Release|Any CPU
		{3AFC74DE-30A7-4C42-BA62-5AF414ACCBDD}.Debug|Any CPU.ActiveCfg = Debug|Any CPU
		{3AFC74DE-30A7-4C42-BA62-5AF414ACCBDD}.Debug|Any CPU.Build.0 = Debug|Any CPU
		{3AFC74DE-30A7-4C42-BA62-5AF414ACCBDD}.Release|Any CPU.ActiveCfg = Release|Any CPU
		{3AFC74DE-30A7-4C42-BA62-5AF414ACCBDD}.Release|Any CPU.Build.0 = Release|Any CPU
		{25942C70-5817-45F9-8236-09F039E2D175}.Debug|Any CPU.ActiveCfg = Debug|Any CPU
		{25942C70-5817-45F9-8236-09F039E2D175}.Debug|Any CPU.Build.0 = Debug|Any CPU
		{25942C70-5817-45F9-8236-09F039E2D175}.Release|Any CPU.ActiveCfg = Release|Any CPU
		{25942C70-5817-45F9-8236-09F039E2D175}.Release|Any CPU.Build.0 = Release|Any CPU
	EndGlobalSection
	GlobalSection(SolutionProperties) = preSolution
		HideSolutionNode = FALSE
	EndGlobalSection
	GlobalSection(ExtensibilityGlobals) = postSolution
		SolutionGuid = {F6467AD0-F21D-4A1C-B6A2-2DB95193490F}
	EndGlobalSection
EndGlobal
